
Microsoft Visual Studio Solution File, Format Version 12.00
# Visual Studio Version 17
VisualStudioVersion = 17.3.32825.248
MinimumVisualStudioVersion = 10.0.40219.1
Project("{8BC9CEB8-8B4A-11D0-8D11-00A0C91BC942}") = "1.1 Imya", "1.1 ImyaLubimoeMoe\GigaProject1.vcxproj", "{EAB19A63-BD77-4E7D-9DB8-426327240577}"
EndProject
Project("{8BC9CEB8-8B4A-11D0-8D11-00A0C91BC942}") = "1.2 Arifmetica", "1.2 Arifmetica\Arifmetica.vcxproj", "{EEC54D2A-E313-47BE-A680-EE9B2C35975D}"
EndProject
Project("{8BC9CEB8-8B4A-11D0-8D11-00A0C91BC942}") = "1.3 Uravnenie", "1.3 Uravnenie\Uravnenie.vcxproj", "{10161164-FE2B-44FE-B3EE-1F2FF6694FF2}"
EndProject
Project("{8BC9CEB8-8B4A-11D0-8D11-00A0C91BC942}") = "1.4 EscheUravnenie", "1.4 EscheUravnenie\EscheUravnenie.vcxproj", "{3D232643-1BA0-45F4-A222-B38085B153EE}"
EndProject
Project("{8BC9CEB8-8B4A-11D0-8D11-00A0C91BC942}") = "1.5 LampaSoShtoroy", "1.5 LampaSoShtoroy\LampaSoShtoroy.vcxproj", "{3ED0EA81-094A-4B83-840C-463D4BBBA9BC}"
EndProject
Project("{2150E333-8FDC-42A3-9474-1A3956D46DE8}") = "1 Day", "1 Day", "{9FFDC310-F156-4532-8748-361678ABA21B}"
EndProject
Project("{2150E333-8FDC-42A3-9474-1A3956D46DE8}") = "2 Day", "2 Day", "{F490AA0A-3DED-4CF3-BCBF-25D4DE9AB995}"
EndProject
Project("{8BC9CEB8-8B4A-11D0-8D11-00A0C91BC942}") = "2.1 Konus", "2.1 Konus\2.1 Konus.vcxproj", "{05763826-60FC-4BD7-91CE-8F0A8CB74286}"
EndProject
Project("{8BC9CEB8-8B4A-11D0-8D11-00A0C91BC942}") = "2.2 Razvetvlenie", "2.2 Razvetvlenie\2.2 Razvetvlenie.vcxproj", "{220432EF-51ED-4540-85A7-AA0F0BAEBD32}"
EndProject
Project("{8BC9CEB8-8B4A-11D0-8D11-00A0C91BC942}") = "2.3 Function", "2.3 Function\2.3 Function.vcxproj", "{925FE18A-CB38-451D-B164-FEAF18983C2E}"
EndProject
Project("{8BC9CEB8-8B4A-11D0-8D11-00A0C91BC942}") = "2.4 Poryadok", "2.4 Poryadok\2.4 Poryadok.vcxproj", "{CEBE7827-7F4A-4D76-AFF7-486A14B7F1C8}"
EndProject
Project("{8BC9CEB8-8B4A-11D0-8D11-00A0C91BC942}") = "2.5 Tabulyacia", "2.5 Tabulyacia\2.5 Tabulyacia.vcxproj", "{2BDC58D1-564E-4D5A-98C4-A0DC711FDC8D}"
EndProject
Project("{2150E333-8FDC-42A3-9474-1A3956D46DE8}") = "3 Day", "3 Day", "{2FD053D8-F62C-452D-87E9-B825A4FFED33}"
EndProject
Project("{8BC9CEB8-8B4A-11D0-8D11-00A0C91BC942}") = "3.1 File", "3.1 File\3.1 File.vcxproj", "{22AD4984-3772-4DC4-BDED-D51353415C2C}"
EndProject
Global
	GlobalSection(SolutionConfigurationPlatforms) = preSolution
		Debug|x64 = Debug|x64
		Debug|x86 = Debug|x86
		Release|x64 = Release|x64
		Release|x86 = Release|x86
	EndGlobalSection
	GlobalSection(ProjectConfigurationPlatforms) = postSolution
		{EAB19A63-BD77-4E7D-9DB8-426327240577}.Debug|x64.ActiveCfg = Debug|x64
		{EAB19A63-BD77-4E7D-9DB8-426327240577}.Debug|x64.Build.0 = Debug|x64
		{EAB19A63-BD77-4E7D-9DB8-426327240577}.Debug|x86.ActiveCfg = Debug|Win32
		{EAB19A63-BD77-4E7D-9DB8-426327240577}.Debug|x86.Build.0 = Debug|Win32
		{EAB19A63-BD77-4E7D-9DB8-426327240577}.Release|x64.ActiveCfg = Release|x64
		{EAB19A63-BD77-4E7D-9DB8-426327240577}.Release|x64.Build.0 = Release|x64
		{EAB19A63-BD77-4E7D-9DB8-426327240577}.Release|x86.ActiveCfg = Release|Win32
		{EAB19A63-BD77-4E7D-9DB8-426327240577}.Release|x86.Build.0 = Release|Win32
		{EEC54D2A-E313-47BE-A680-EE9B2C35975D}.Debug|x64.ActiveCfg = Debug|x64
		{EEC54D2A-E313-47BE-A680-EE9B2C35975D}.Debug|x64.Build.0 = Debug|x64
		{EEC54D2A-E313-47BE-A680-EE9B2C35975D}.Debug|x86.ActiveCfg = Debug|Win32
		{EEC54D2A-E313-47BE-A680-EE9B2C35975D}.Debug|x86.Build.0 = Debug|Win32
		{EEC54D2A-E313-47BE-A680-EE9B2C35975D}.Release|x64.ActiveCfg = Release|x64
		{EEC54D2A-E313-47BE-A680-EE9B2C35975D}.Release|x64.Build.0 = Release|x64
		{EEC54D2A-E313-47BE-A680-EE9B2C35975D}.Release|x86.ActiveCfg = Release|Win32
		{EEC54D2A-E313-47BE-A680-EE9B2C35975D}.Release|x86.Build.0 = Release|Win32
		{10161164-FE2B-44FE-B3EE-1F2FF6694FF2}.Debug|x64.ActiveCfg = Debug|x64
		{10161164-FE2B-44FE-B3EE-1F2FF6694FF2}.Debug|x64.Build.0 = Debug|x64
		{10161164-FE2B-44FE-B3EE-1F2FF6694FF2}.Debug|x86.ActiveCfg = Debug|Win32
		{10161164-FE2B-44FE-B3EE-1F2FF6694FF2}.Debug|x86.Build.0 = Debug|Win32
		{10161164-FE2B-44FE-B3EE-1F2FF6694FF2}.Release|x64.ActiveCfg = Release|x64
		{10161164-FE2B-44FE-B3EE-1F2FF6694FF2}.Release|x64.Build.0 = Release|x64
		{10161164-FE2B-44FE-B3EE-1F2FF6694FF2}.Release|x86.ActiveCfg = Release|Win32
		{10161164-FE2B-44FE-B3EE-1F2FF6694FF2}.Release|x86.Build.0 = Release|Win32
		{3D232643-1BA0-45F4-A222-B38085B153EE}.Debug|x64.ActiveCfg = Debug|x64
		{3D232643-1BA0-45F4-A222-B38085B153EE}.Debug|x64.Build.0 = Debug|x64
		{3D232643-1BA0-45F4-A222-B38085B153EE}.Debug|x86.ActiveCfg = Debug|Win32
		{3D232643-1BA0-45F4-A222-B38085B153EE}.Debug|x86.Build.0 = Debug|Win32
		{3D232643-1BA0-45F4-A222-B38085B153EE}.Release|x64.ActiveCfg = Release|x64
		{3D232643-1BA0-45F4-A222-B38085B153EE}.Release|x64.Build.0 = Release|x64
		{3D232643-1BA0-45F4-A222-B38085B153EE}.Release|x86.ActiveCfg = Release|Win32
		{3D232643-1BA0-45F4-A222-B38085B153EE}.Release|x86.Build.0 = Release|Win32
		{3ED0EA81-094A-4B83-840C-463D4BBBA9BC}.Debug|x64.ActiveCfg = Debug|x64
		{3ED0EA81-094A-4B83-840C-463D4BBBA9BC}.Debug|x64.Build.0 = Debug|x64
		{3ED0EA81-094A-4B83-840C-463D4BBBA9BC}.Debug|x86.ActiveCfg = Debug|Win32
		{3ED0EA81-094A-4B83-840C-463D4BBBA9BC}.Debug|x86.Build.0 = Debug|Win32
		{3ED0EA81-094A-4B83-840C-463D4BBBA9BC}.Release|x64.ActiveCfg = Release|x64
		{3ED0EA81-094A-4B83-840C-463D4BBBA9BC}.Release|x64.Build.0 = Release|x64
		{3ED0EA81-094A-4B83-840C-463D4BBBA9BC}.Release|x86.ActiveCfg = Release|Win32
		{3ED0EA81-094A-4B83-840C-463D4BBBA9BC}.Release|x86.Build.0 = Release|Win32
		{05763826-60FC-4BD7-91CE-8F0A8CB74286}.Debug|x64.ActiveCfg = Debug|x64
		{05763826-60FC-4BD7-91CE-8F0A8CB74286}.Debug|x64.Build.0 = Debug|x64
		{05763826-60FC-4BD7-91CE-8F0A8CB74286}.Debug|x86.ActiveCfg = Debug|Win32
		{05763826-60FC-4BD7-91CE-8F0A8CB74286}.Debug|x86.Build.0 = Debug|Win32
		{05763826-60FC-4BD7-91CE-8F0A8CB74286}.Release|x64.ActiveCfg = Release|x64
		{05763826-60FC-4BD7-91CE-8F0A8CB74286}.Release|x64.Build.0 = Release|x64
		{05763826-60FC-4BD7-91CE-8F0A8CB74286}.Release|x86.ActiveCfg = Release|Win32
		{05763826-60FC-4BD7-91CE-8F0A8CB74286}.Release|x86.Build.0 = Release|Win32
		{220432EF-51ED-4540-85A7-AA0F0BAEBD32}.Debug|x64.ActiveCfg = Debug|x64
		{220432EF-51ED-4540-85A7-AA0F0BAEBD32}.Debug|x64.Build.0 = Debug|x64
		{220432EF-51ED-4540-85A7-AA0F0BAEBD32}.Debug|x86.ActiveCfg = Debug|Win32
		{220432EF-51ED-4540-85A7-AA0F0BAEBD32}.Debug|x86.Build.0 = Debug|Win32
		{220432EF-51ED-4540-85A7-AA0F0BAEBD32}.Release|x64.ActiveCfg = Release|x64
		{220432EF-51ED-4540-85A7-AA0F0BAEBD32}.Release|x64.Build.0 = Release|x64
		{220432EF-51ED-4540-85A7-AA0F0BAEBD32}.Release|x86.ActiveCfg = Release|Win32
		{220432EF-51ED-4540-85A7-AA0F0BAEBD32}.Release|x86.Build.0 = Release|Win32
		{925FE18A-CB38-451D-B164-FEAF18983C2E}.Debug|x64.ActiveCfg = Debug|x64
		{925FE18A-CB38-451D-B164-FEAF18983C2E}.Debug|x64.Build.0 = Debug|x64
		{925FE18A-CB38-451D-B164-FEAF18983C2E}.Debug|x86.ActiveCfg = Debug|Win32
		{925FE18A-CB38-451D-B164-FEAF18983C2E}.Debug|x86.Build.0 = Debug|Win32
		{925FE18A-CB38-451D-B164-FEAF18983C2E}.Release|x64.ActiveCfg = Release|x64
		{925FE18A-CB38-451D-B164-FEAF18983C2E}.Release|x64.Build.0 = Release|x64
		{925FE18A-CB38-451D-B164-FEAF18983C2E}.Release|x86.ActiveCfg = Release|Win32
		{925FE18A-CB38-451D-B164-FEAF18983C2E}.Release|x86.Build.0 = Release|Win32
		{CEBE7827-7F4A-4D76-AFF7-486A14B7F1C8}.Debug|x64.ActiveCfg = Debug|x64
		{CEBE7827-7F4A-4D76-AFF7-486A14B7F1C8}.Debug|x64.Build.0 = Debug|x64
		{CEBE7827-7F4A-4D76-AFF7-486A14B7F1C8}.Debug|x86.ActiveCfg = Debug|Win32
		{CEBE7827-7F4A-4D76-AFF7-486A14B7F1C8}.Debug|x86.Build.0 = Debug|Win32
		{CEBE7827-7F4A-4D76-AFF7-486A14B7F1C8}.Release|x64.ActiveCfg = Release|x64
		{CEBE7827-7F4A-4D76-AFF7-486A14B7F1C8}.Release|x64.Build.0 = Release|x64
		{CEBE7827-7F4A-4D76-AFF7-486A14B7F1C8}.Release|x86.ActiveCfg = Release|Win32
		{CEBE7827-7F4A-4D76-AFF7-486A14B7F1C8}.Release|x86.Build.0 = Release|Win32
		{2BDC58D1-564E-4D5A-98C4-A0DC711FDC8D}.Debug|x64.ActiveCfg = Debug|x64
		{2BDC58D1-564E-4D5A-98C4-A0DC711FDC8D}.Debug|x64.Build.0 = Debug|x64
		{2BDC58D1-564E-4D5A-98C4-A0DC711FDC8D}.Debug|x86.ActiveCfg = Debug|Win32
		{2BDC58D1-564E-4D5A-98C4-A0DC711FDC8D}.Debug|x86.Build.0 = Debug|Win32
		{2BDC58D1-564E-4D5A-98C4-A0DC711FDC8D}.Release|x64.ActiveCfg = Release|x64
		{2BDC58D1-564E-4D5A-98C4-A0DC711FDC8D}.Release|x64.Build.0 = Release|x64
		{2BDC58D1-564E-4D5A-98C4-A0DC711FDC8D}.Release|x86.ActiveCfg = Release|Win32
		{2BDC58D1-564E-4D5A-98C4-A0DC711FDC8D}.Release|x86.Build.0 = Release|Win32
		{22AD4984-3772-4DC4-BDED-D51353415C2C}.Debug|x64.ActiveCfg = Debug|x64
		{22AD4984-3772-4DC4-BDED-D51353415C2C}.Debug|x64.Build.0 = Debug|x64
		{22AD4984-3772-4DC4-BDED-D51353415C2C}.Debug|x86.ActiveCfg = Debug|Win32
		{22AD4984-3772-4DC4-BDED-D51353415C2C}.Debug|x86.Build.0 = Debug|Win32
		{22AD4984-3772-4DC4-BDED-D51353415C2C}.Release|x64.ActiveCfg = Release|x64
		{22AD4984-3772-4DC4-BDED-D51353415C2C}.Release|x64.Build.0 = Release|x64
		{22AD4984-3772-4DC4-BDED-D51353415C2C}.Release|x86.ActiveCfg = Release|Win32
		{22AD4984-3772-4DC4-BDED-D51353415C2C}.Release|x86.Build.0 = Release|Win32
	EndGlobalSection
	GlobalSection(SolutionProperties) = preSolution
		HideSolutionNode = FALSE
	EndGlobalSection
	GlobalSection(NestedProjects) = preSolution
		{EAB19A63-BD77-4E7D-9DB8-426327240577} = {9FFDC310-F156-4532-8748-361678ABA21B}
		{EEC54D2A-E313-47BE-A680-EE9B2C35975D} = {9FFDC310-F156-4532-8748-361678ABA21B}
		{10161164-FE2B-44FE-B3EE-1F2FF6694FF2} = {9FFDC310-F156-4532-8748-361678ABA21B}
		{3D232643-1BA0-45F4-A222-B38085B153EE} = {9FFDC310-F156-4532-8748-361678ABA21B}
		{3ED0EA81-094A-4B83-840C-463D4BBBA9BC} = {9FFDC310-F156-4532-8748-361678ABA21B}
		{05763826-60FC-4BD7-91CE-8F0A8CB74286} = {F490AA0A-3DED-4CF3-BCBF-25D4DE9AB995}
		{220432EF-51ED-4540-85A7-AA0F0BAEBD32} = {F490AA0A-3DED-4CF3-BCBF-25D4DE9AB995}
		{925FE18A-CB38-451D-B164-FEAF18983C2E} = {F490AA0A-3DED-4CF3-BCBF-25D4DE9AB995}
		{CEBE7827-7F4A-4D76-AFF7-486A14B7F1C8} = {F490AA0A-3DED-4CF3-BCBF-25D4DE9AB995}
		{2BDC58D1-564E-4D5A-98C4-A0DC711FDC8D} = {F490AA0A-3DED-4CF3-BCBF-25D4DE9AB995}
		{22AD4984-3772-4DC4-BDED-D51353415C2C} = {2FD053D8-F62C-452D-87E9-B825A4FFED33}
	EndGlobalSection
	GlobalSection(ExtensibilityGlobals) = postSolution
		SolutionGuid = {F828F006-AE20-4910-8B58-B21443FC8C2A}
	EndGlobalSection
EndGlobal
