
Microsoft Visual Studio Solution File, Format Version 12.00
# Visual Studio Version 17
VisualStudioVersion = 17.3.32825.248
MinimumVisualStudioVersion = 10.0.40219.1
Project("{8BC9CEB8-8B4A-11D0-8D11-00A0C91BC942}") = "1.1 Imya", "1.1 ImyaLubimoeMoe\GigaProject1.vcxproj", "{EAB19A63-BD77-4E7D-9DB8-426327240577}"
EndProject
Project("{8BC9CEB8-8B4A-11D0-8D11-00A0C91BC942}") = "1.2 Arifmetica", "1.2 Arifmetica\Arifmetica.vcxproj", "{EEC54D2A-E313-47BE-A680-EE9B2C35975D}"
EndProject
Project("{8BC9CEB8-8B4A-11D0-8D11-00A0C91BC942}") = "1.3 Uravnenie", "1.3 Uravnenie\Uravnenie.vcxproj", "{10161164-FE2B-44FE-B3EE-1F2FF6694FF2}"
EndProject
Project("{8BC9CEB8-8B4A-11D0-8D11-00A0C91BC942}") = "1.4 EscheUravnenie", "1.4 EscheUravnenie\EscheUravnenie.vcxproj", "{3D232643-1BA0-45F4-A222-B38085B153EE}"
EndProject
Project("{8BC9CEB8-8B4A-11D0-8D11-00A0C91BC942}") = "1.5 LampaSoShtoroy", "1.5 LampaSoShtoroy\LampaSoShtoroy.vcxproj", "{3ED0EA81-094A-4B83-840C-463D4BBBA9BC}"
EndProject
Project("{2150E333-8FDC-42A3-9474-1A3956D46DE8}") = "1 Day", "1 Day", "{9FFDC310-F156-4532-8748-361678ABA21B}"
EndProject
Project("{2150E333-8FDC-42A3-9474-1A3956D46DE8}") = "2 Day", "2 Day", "{F490AA0A-3DED-4CF3-BCBF-25D4DE9AB995}"
EndProject
Project("{8BC9CEB8-8B4A-11D0-8D11-00A0C91BC942}") = "2.1 Konus", "2.1 Konus\2.1 Konus.vcxproj", "{05763826-60FC-4BD7-91CE-8F0A8CB74286}"
EndProject
Project("{8BC9CEB8-8B4A-11D0-8D11-00A0C91BC942}") = "2.2 Razvetvlenie", "2.2 Razvetvlenie\2.2 Razvetvlenie.vcxproj", "{220432EF-51ED-4540-85A7-AA0F0BAEBD32}"
EndProject
Project("{8BC9CEB8-8B4A-11D0-8D11-00A0C91BC942}") = "2.3 Function", "2.3 Function\2.3 Function.vcxproj", "{925FE18A-CB38-451D-B164-FEAF18983C2E}"
EndProject
Project("{8BC9CEB8-8B4A-11D0-8D11-00A0C91BC942}") = "2.4 Poryadok", "2.4 Poryadok\2.4 Poryadok.vcxproj", "{CEBE7827-7F4A-4D76-AFF7-486A14B7F1C8}"
EndProject
Project("{8BC9CEB8-8B4A-11D0-8D11-00A0C91BC942}") = "2.5 Tabulyacia", "2.5 Tabulyacia\2.5 Tabulyacia.vcxproj", "{2BDC58D1-564E-4D5A-98C4-A0DC711FDC8D}"
EndProject
Project("{2150E333-8FDC-42A3-9474-1A3956D46DE8}") = "4 Day", "4 Day", "{2FD053D8-F62C-452D-87E9-B825A4FFED33}"
EndProject
Project("{8BC9CEB8-8B4A-11D0-8D11-00A0C91BC942}") = "4.1 File", "4.1 File\3.1 File.vcxproj", "{22AD4984-3772-4DC4-BDED-D51353415C2C}"
EndProject
Project("{2150E333-8FDC-42A3-9474-1A3956D46DE8}") = "3 Day", "3 Day", "{DE6D99DD-11A6-4F55-93C9-0283E1661BFE}"
EndProject
Project("{2150E333-8FDC-42A3-9474-1A3956D46DE8}") = "5 Day", "5 Day", "{0BE99E00-B6AC-442C-9F2C-A482382E04BD}"
EndProject
Project("{8BC9CEB8-8B4A-11D0-8D11-00A0C91BC942}") = "3.1 Zaem", "3.1 Zaem\3.1 Zaem.vcxproj", "{46B0558D-E573-4375-9637-DB4AECE6A9CD}"
EndProject
Project("{8BC9CEB8-8B4A-11D0-8D11-00A0C91BC942}") = "3.2 Ssuda", "3.2 Ssuda\3.2 Ssuda.vcxproj", "{E0B8FC0D-3F7A-41FE-9C82-BDEE6AC45519}"
EndProject
Project("{8BC9CEB8-8B4A-11D0-8D11-00A0C91BC942}") = "3.3 Kopirovanie faila", "3.3 Kopirovanie faila\3.3 Kopirovanie faila.vcxproj", "{E890AF14-03A2-4329-AC08-E6E4A5BAF671}"
EndProject
Project("{2150E333-8FDC-42A3-9474-1A3956D46DE8}") = "Useless stuff", "Useless stuff", "{1F33DC14-5376-4284-BED6-60865E828930}"
EndProject
Project("{8BC9CEB8-8B4A-11D0-8D11-00A0C91BC942}") = "UsingInclude", "UsingInclude\UsingInclude.vcxproj", "{4A0C6B00-EBF7-45FF-A2B6-CC06A957F3B1}"
EndProject
Project("{8BC9CEB8-8B4A-11D0-8D11-00A0C91BC942}") = "3.4 Filter", "3.4 Filter\3.4 Filter.vcxproj", "{403EB3FD-3DAF-408D-8619-DD9806ED87FC}"
EndProject
Project("{8BC9CEB8-8B4A-11D0-8D11-00A0C91BC942}") = "3.5 Sorting", "3.5 Sorting\3.5 Sorting.vcxproj", "{AE3E46D3-4294-4F3A-9695-8183FEFE14F3}"
EndProject
Project("{8BC9CEB8-8B4A-11D0-8D11-00A0C91BC942}") = "4.2 Znak Chisla", "4.2 Znak Chisla\4.2 Znak Chisla.vcxproj", "{C65DFE75-9B6C-41BA-90AD-01D67D51916F}"
EndProject
Project("{8BC9CEB8-8B4A-11D0-8D11-00A0C91BC942}") = "4.3 Geometrical Shapes", "4.3 Geometrical Shapes\4.3 Geometrical Shapes.vcxproj", "{48CEE0C9-66D7-4AD1-A3B4-A17B09CC0629}"
EndProject
Project("{8BC9CEB8-8B4A-11D0-8D11-00A0C91BC942}") = "4.4 Bylaya Slava", "4.4 Bylaya Slava\4.4 Bylaya Slava.vcxproj", "{1DBD3746-EB5E-4068-951F-6EF38A01C6A0}"
EndProject
Project("{8BC9CEB8-8B4A-11D0-8D11-00A0C91BC942}") = "4.5 Sinusoida", "4.5 Sinusoida\4.5 Sinusoida.vcxproj", "{6E7E452E-DAAD-4DCE-891A-447CC8AC29B8}"
EndProject
Project("{8BC9CEB8-8B4A-11D0-8D11-00A0C91BC942}") = "4.6 Automatny raspoznavatel", "4.6 Automatny raspoznavatel\4.6 Automatny raspoznavatel.vcxproj", "{D05782D6-0E0E-4818-962D-AEC1B0F6F3A6}"
EndProject
Project("{8BC9CEB8-8B4A-11D0-8D11-00A0C91BC942}") = "4.7 PseudoRandom Number Generator", "4.7 PseudoRandom Number Generator\4.7 PseudoRandom Number Generator.vcxproj", "{059B12DC-A9A7-4709-9E5B-E90AC74C964B}"
EndProject
Project("{8BC9CEB8-8B4A-11D0-8D11-00A0C91BC942}") = "4.8 Umnozhenie matric", "4.8 Umnozhenie matric\4.8 Umnozhenie matric.vcxproj", "{4D0AA36C-5C8D-4059-9DA6-9843338BFB7A}"
EndProject
Project("{8BC9CEB8-8B4A-11D0-8D11-00A0C91BC942}") = "4.9 Sistemy schisleniya", "4.9 Sistemy schisleniya\4.9 Sistemy schisleniya.vcxproj", "{32BDADA7-BAA5-444A-AD3E-0635B043BD88}"
EndProject
Project("{8BC9CEB8-8B4A-11D0-8D11-00A0C91BC942}") = "5.1 Algoritm Evklida", "5.1 Algoritm Evklida\5.1 Algoritm Evklida.vcxproj", "{E9A75A79-8E02-4920-BEDC-0AC08C2297B6}"
EndProject
Project("{8BC9CEB8-8B4A-11D0-8D11-00A0C91BC942}") = "5.2 Resheto Erestofena", "5.2 Resheto Erestofena\5.2 Resheto Erestofena.vcxproj", "{12E95E62-1790-433C-B4B1-01236E971C5D}"
EndProject
Project("{8BC9CEB8-8B4A-11D0-8D11-00A0C91BC942}") = "5.3.17 Word Sorting", "5.3.17 Word Sorting\5.3.17 Word Sorting.vcxproj", "{7E3F862B-553D-49CC-BD0B-90BFEF72D1EB}"
EndProject
Project("{8BC9CEB8-8B4A-11D0-8D11-00A0C91BC942}") = "5.3.39 Text Entries", "5.3.39 Text Entries\5.3.39 Text Entries.vcxproj", "{24D34D67-981B-4C7D-9239-5E15E0F1909C}"
EndProject
Project("{8BC9CEB8-8B4A-11D0-8D11-00A0C91BC942}") = "5.4.18 Average height", "5.4.18 Average height\5.4.18 Average height.vcxproj", "{6B1FDF9B-504E-409C-B170-8407F42F29E3}"
EndProject
Global
	GlobalSection(SolutionConfigurationPlatforms) = preSolution
		Debug|x64 = Debug|x64
		Debug|x86 = Debug|x86
		Release|x64 = Release|x64
		Release|x86 = Release|x86
	EndGlobalSection
	GlobalSection(ProjectConfigurationPlatforms) = postSolution
		{EAB19A63-BD77-4E7D-9DB8-426327240577}.Debug|x64.ActiveCfg = Debug|x64
		{EAB19A63-BD77-4E7D-9DB8-426327240577}.Debug|x64.Build.0 = Debug|x64
		{EAB19A63-BD77-4E7D-9DB8-426327240577}.Debug|x86.ActiveCfg = Debug|Win32
		{EAB19A63-BD77-4E7D-9DB8-426327240577}.Debug|x86.Build.0 = Debug|Win32
		{EAB19A63-BD77-4E7D-9DB8-426327240577}.Release|x64.ActiveCfg = Release|x64
		{EAB19A63-BD77-4E7D-9DB8-426327240577}.Release|x64.Build.0 = Release|x64
		{EAB19A63-BD77-4E7D-9DB8-426327240577}.Release|x86.ActiveCfg = Release|Win32
		{EAB19A63-BD77-4E7D-9DB8-426327240577}.Release|x86.Build.0 = Release|Win32
		{EEC54D2A-E313-47BE-A680-EE9B2C35975D}.Debug|x64.ActiveCfg = Debug|x64
		{EEC54D2A-E313-47BE-A680-EE9B2C35975D}.Debug|x64.Build.0 = Debug|x64
		{EEC54D2A-E313-47BE-A680-EE9B2C35975D}.Debug|x86.ActiveCfg = Debug|Win32
		{EEC54D2A-E313-47BE-A680-EE9B2C35975D}.Debug|x86.Build.0 = Debug|Win32
		{EEC54D2A-E313-47BE-A680-EE9B2C35975D}.Release|x64.ActiveCfg = Release|x64
		{EEC54D2A-E313-47BE-A680-EE9B2C35975D}.Release|x64.Build.0 = Release|x64
		{EEC54D2A-E313-47BE-A680-EE9B2C35975D}.Release|x86.ActiveCfg = Release|Win32
		{EEC54D2A-E313-47BE-A680-EE9B2C35975D}.Release|x86.Build.0 = Release|Win32
		{10161164-FE2B-44FE-B3EE-1F2FF6694FF2}.Debug|x64.ActiveCfg = Debug|x64
		{10161164-FE2B-44FE-B3EE-1F2FF6694FF2}.Debug|x64.Build.0 = Debug|x64
		{10161164-FE2B-44FE-B3EE-1F2FF6694FF2}.Debug|x86.ActiveCfg = Debug|Win32
		{10161164-FE2B-44FE-B3EE-1F2FF6694FF2}.Debug|x86.Build.0 = Debug|Win32
		{10161164-FE2B-44FE-B3EE-1F2FF6694FF2}.Release|x64.ActiveCfg = Release|x64
		{10161164-FE2B-44FE-B3EE-1F2FF6694FF2}.Release|x64.Build.0 = Release|x64
		{10161164-FE2B-44FE-B3EE-1F2FF6694FF2}.Release|x86.ActiveCfg = Release|Win32
		{10161164-FE2B-44FE-B3EE-1F2FF6694FF2}.Release|x86.Build.0 = Release|Win32
		{3D232643-1BA0-45F4-A222-B38085B153EE}.Debug|x64.ActiveCfg = Debug|x64
		{3D232643-1BA0-45F4-A222-B38085B153EE}.Debug|x64.Build.0 = Debug|x64
		{3D232643-1BA0-45F4-A222-B38085B153EE}.Debug|x86.ActiveCfg = Debug|Win32
		{3D232643-1BA0-45F4-A222-B38085B153EE}.Debug|x86.Build.0 = Debug|Win32
		{3D232643-1BA0-45F4-A222-B38085B153EE}.Release|x64.ActiveCfg = Release|x64
		{3D232643-1BA0-45F4-A222-B38085B153EE}.Release|x64.Build.0 = Release|x64
		{3D232643-1BA0-45F4-A222-B38085B153EE}.Release|x86.ActiveCfg = Release|Win32
		{3D232643-1BA0-45F4-A222-B38085B153EE}.Release|x86.Build.0 = Release|Win32
		{3ED0EA81-094A-4B83-840C-463D4BBBA9BC}.Debug|x64.ActiveCfg = Debug|x64
		{3ED0EA81-094A-4B83-840C-463D4BBBA9BC}.Debug|x64.Build.0 = Debug|x64
		{3ED0EA81-094A-4B83-840C-463D4BBBA9BC}.Debug|x86.ActiveCfg = Debug|Win32
		{3ED0EA81-094A-4B83-840C-463D4BBBA9BC}.Debug|x86.Build.0 = Debug|Win32
		{3ED0EA81-094A-4B83-840C-463D4BBBA9BC}.Release|x64.ActiveCfg = Release|x64
		{3ED0EA81-094A-4B83-840C-463D4BBBA9BC}.Release|x64.Build.0 = Release|x64
		{3ED0EA81-094A-4B83-840C-463D4BBBA9BC}.Release|x86.ActiveCfg = Release|Win32
		{3ED0EA81-094A-4B83-840C-463D4BBBA9BC}.Release|x86.Build.0 = Release|Win32
		{05763826-60FC-4BD7-91CE-8F0A8CB74286}.Debug|x64.ActiveCfg = Debug|x64
		{05763826-60FC-4BD7-91CE-8F0A8CB74286}.Debug|x64.Build.0 = Debug|x64
		{05763826-60FC-4BD7-91CE-8F0A8CB74286}.Debug|x86.ActiveCfg = Debug|Win32
		{05763826-60FC-4BD7-91CE-8F0A8CB74286}.Debug|x86.Build.0 = Debug|Win32
		{05763826-60FC-4BD7-91CE-8F0A8CB74286}.Release|x64.ActiveCfg = Release|x64
		{05763826-60FC-4BD7-91CE-8F0A8CB74286}.Release|x64.Build.0 = Release|x64
		{05763826-60FC-4BD7-91CE-8F0A8CB74286}.Release|x86.ActiveCfg = Release|Win32
		{05763826-60FC-4BD7-91CE-8F0A8CB74286}.Release|x86.Build.0 = Release|Win32
		{220432EF-51ED-4540-85A7-AA0F0BAEBD32}.Debug|x64.ActiveCfg = Debug|x64
		{220432EF-51ED-4540-85A7-AA0F0BAEBD32}.Debug|x64.Build.0 = Debug|x64
		{220432EF-51ED-4540-85A7-AA0F0BAEBD32}.Debug|x86.ActiveCfg = Debug|Win32
		{220432EF-51ED-4540-85A7-AA0F0BAEBD32}.Debug|x86.Build.0 = Debug|Win32
		{220432EF-51ED-4540-85A7-AA0F0BAEBD32}.Release|x64.ActiveCfg = Release|x64
		{220432EF-51ED-4540-85A7-AA0F0BAEBD32}.Release|x64.Build.0 = Release|x64
		{220432EF-51ED-4540-85A7-AA0F0BAEBD32}.Release|x86.ActiveCfg = Release|Win32
		{220432EF-51ED-4540-85A7-AA0F0BAEBD32}.Release|x86.Build.0 = Release|Win32
		{925FE18A-CB38-451D-B164-FEAF18983C2E}.Debug|x64.ActiveCfg = Debug|x64
		{925FE18A-CB38-451D-B164-FEAF18983C2E}.Debug|x64.Build.0 = Debug|x64
		{925FE18A-CB38-451D-B164-FEAF18983C2E}.Debug|x86.ActiveCfg = Debug|Win32
		{925FE18A-CB38-451D-B164-FEAF18983C2E}.Debug|x86.Build.0 = Debug|Win32
		{925FE18A-CB38-451D-B164-FEAF18983C2E}.Release|x64.ActiveCfg = Release|x64
		{925FE18A-CB38-451D-B164-FEAF18983C2E}.Release|x64.Build.0 = Release|x64
		{925FE18A-CB38-451D-B164-FEAF18983C2E}.Release|x86.ActiveCfg = Release|Win32
		{925FE18A-CB38-451D-B164-FEAF18983C2E}.Release|x86.Build.0 = Release|Win32
		{CEBE7827-7F4A-4D76-AFF7-486A14B7F1C8}.Debug|x64.ActiveCfg = Debug|x64
		{CEBE7827-7F4A-4D76-AFF7-486A14B7F1C8}.Debug|x64.Build.0 = Debug|x64
		{CEBE7827-7F4A-4D76-AFF7-486A14B7F1C8}.Debug|x86.ActiveCfg = Debug|Win32
		{CEBE7827-7F4A-4D76-AFF7-486A14B7F1C8}.Debug|x86.Build.0 = Debug|Win32
		{CEBE7827-7F4A-4D76-AFF7-486A14B7F1C8}.Release|x64.ActiveCfg = Release|x64
		{CEBE7827-7F4A-4D76-AFF7-486A14B7F1C8}.Release|x64.Build.0 = Release|x64
		{CEBE7827-7F4A-4D76-AFF7-486A14B7F1C8}.Release|x86.ActiveCfg = Release|Win32
		{CEBE7827-7F4A-4D76-AFF7-486A14B7F1C8}.Release|x86.Build.0 = Release|Win32
		{2BDC58D1-564E-4D5A-98C4-A0DC711FDC8D}.Debug|x64.ActiveCfg = Debug|x64
		{2BDC58D1-564E-4D5A-98C4-A0DC711FDC8D}.Debug|x64.Build.0 = Debug|x64
		{2BDC58D1-564E-4D5A-98C4-A0DC711FDC8D}.Debug|x86.ActiveCfg = Debug|Win32
		{2BDC58D1-564E-4D5A-98C4-A0DC711FDC8D}.Debug|x86.Build.0 = Debug|Win32
		{2BDC58D1-564E-4D5A-98C4-A0DC711FDC8D}.Release|x64.ActiveCfg = Release|x64
		{2BDC58D1-564E-4D5A-98C4-A0DC711FDC8D}.Release|x64.Build.0 = Release|x64
		{2BDC58D1-564E-4D5A-98C4-A0DC711FDC8D}.Release|x86.ActiveCfg = Release|Win32
		{2BDC58D1-564E-4D5A-98C4-A0DC711FDC8D}.Release|x86.Build.0 = Release|Win32
		{22AD4984-3772-4DC4-BDED-D51353415C2C}.Debug|x64.ActiveCfg = Debug|x64
		{22AD4984-3772-4DC4-BDED-D51353415C2C}.Debug|x64.Build.0 = Debug|x64
		{22AD4984-3772-4DC4-BDED-D51353415C2C}.Debug|x86.ActiveCfg = Debug|Win32
		{22AD4984-3772-4DC4-BDED-D51353415C2C}.Debug|x86.Build.0 = Debug|Win32
		{22AD4984-3772-4DC4-BDED-D51353415C2C}.Release|x64.ActiveCfg = Release|x64
		{22AD4984-3772-4DC4-BDED-D51353415C2C}.Release|x64.Build.0 = Release|x64
		{22AD4984-3772-4DC4-BDED-D51353415C2C}.Release|x86.ActiveCfg = Release|Win32
		{22AD4984-3772-4DC4-BDED-D51353415C2C}.Release|x86.Build.0 = Release|Win32
		{46B0558D-E573-4375-9637-DB4AECE6A9CD}.Debug|x64.ActiveCfg = Debug|x64
		{46B0558D-E573-4375-9637-DB4AECE6A9CD}.Debug|x64.Build.0 = Debug|x64
		{46B0558D-E573-4375-9637-DB4AECE6A9CD}.Debug|x86.ActiveCfg = Debug|Win32
		{46B0558D-E573-4375-9637-DB4AECE6A9CD}.Debug|x86.Build.0 = Debug|Win32
		{46B0558D-E573-4375-9637-DB4AECE6A9CD}.Release|x64.ActiveCfg = Release|x64
		{46B0558D-E573-4375-9637-DB4AECE6A9CD}.Release|x64.Build.0 = Release|x64
		{46B0558D-E573-4375-9637-DB4AECE6A9CD}.Release|x86.ActiveCfg = Release|Win32
		{46B0558D-E573-4375-9637-DB4AECE6A9CD}.Release|x86.Build.0 = Release|Win32
		{E0B8FC0D-3F7A-41FE-9C82-BDEE6AC45519}.Debug|x64.ActiveCfg = Debug|x64
		{E0B8FC0D-3F7A-41FE-9C82-BDEE6AC45519}.Debug|x64.Build.0 = Debug|x64
		{E0B8FC0D-3F7A-41FE-9C82-BDEE6AC45519}.Debug|x86.ActiveCfg = Debug|Win32
		{E0B8FC0D-3F7A-41FE-9C82-BDEE6AC45519}.Debug|x86.Build.0 = Debug|Win32
		{E0B8FC0D-3F7A-41FE-9C82-BDEE6AC45519}.Release|x64.ActiveCfg = Release|x64
		{E0B8FC0D-3F7A-41FE-9C82-BDEE6AC45519}.Release|x64.Build.0 = Release|x64
		{E0B8FC0D-3F7A-41FE-9C82-BDEE6AC45519}.Release|x86.ActiveCfg = Release|Win32
		{E0B8FC0D-3F7A-41FE-9C82-BDEE6AC45519}.Release|x86.Build.0 = Release|Win32
		{E890AF14-03A2-4329-AC08-E6E4A5BAF671}.Debug|x64.ActiveCfg = Debug|x64
		{E890AF14-03A2-4329-AC08-E6E4A5BAF671}.Debug|x64.Build.0 = Debug|x64
		{E890AF14-03A2-4329-AC08-E6E4A5BAF671}.Debug|x86.ActiveCfg = Debug|Win32
		{E890AF14-03A2-4329-AC08-E6E4A5BAF671}.Debug|x86.Build.0 = Debug|Win32
		{E890AF14-03A2-4329-AC08-E6E4A5BAF671}.Release|x64.ActiveCfg = Release|x64
		{E890AF14-03A2-4329-AC08-E6E4A5BAF671}.Release|x64.Build.0 = Release|x64
		{E890AF14-03A2-4329-AC08-E6E4A5BAF671}.Release|x86.ActiveCfg = Release|Win32
		{E890AF14-03A2-4329-AC08-E6E4A5BAF671}.Release|x86.Build.0 = Release|Win32
		{4A0C6B00-EBF7-45FF-A2B6-CC06A957F3B1}.Debug|x64.ActiveCfg = Debug|x64
		{4A0C6B00-EBF7-45FF-A2B6-CC06A957F3B1}.Debug|x64.Build.0 = Debug|x64
		{4A0C6B00-EBF7-45FF-A2B6-CC06A957F3B1}.Debug|x86.ActiveCfg = Debug|Win32
		{4A0C6B00-EBF7-45FF-A2B6-CC06A957F3B1}.Debug|x86.Build.0 = Debug|Win32
		{4A0C6B00-EBF7-45FF-A2B6-CC06A957F3B1}.Release|x64.ActiveCfg = Release|x64
		{4A0C6B00-EBF7-45FF-A2B6-CC06A957F3B1}.Release|x64.Build.0 = Release|x64
		{4A0C6B00-EBF7-45FF-A2B6-CC06A957F3B1}.Release|x86.ActiveCfg = Release|Win32
		{4A0C6B00-EBF7-45FF-A2B6-CC06A957F3B1}.Release|x86.Build.0 = Release|Win32
		{403EB3FD-3DAF-408D-8619-DD9806ED87FC}.Debug|x64.ActiveCfg = Debug|x64
		{403EB3FD-3DAF-408D-8619-DD9806ED87FC}.Debug|x64.Build.0 = Debug|x64
		{403EB3FD-3DAF-408D-8619-DD9806ED87FC}.Debug|x86.ActiveCfg = Debug|Win32
		{403EB3FD-3DAF-408D-8619-DD9806ED87FC}.Debug|x86.Build.0 = Debug|Win32
		{403EB3FD-3DAF-408D-8619-DD9806ED87FC}.Release|x64.ActiveCfg = Release|x64
		{403EB3FD-3DAF-408D-8619-DD9806ED87FC}.Release|x64.Build.0 = Release|x64
		{403EB3FD-3DAF-408D-8619-DD9806ED87FC}.Release|x86.ActiveCfg = Release|Win32
		{403EB3FD-3DAF-408D-8619-DD9806ED87FC}.Release|x86.Build.0 = Release|Win32
		{AE3E46D3-4294-4F3A-9695-8183FEFE14F3}.Debug|x64.ActiveCfg = Debug|x64
		{AE3E46D3-4294-4F3A-9695-8183FEFE14F3}.Debug|x64.Build.0 = Debug|x64
		{AE3E46D3-4294-4F3A-9695-8183FEFE14F3}.Debug|x86.ActiveCfg = Debug|Win32
		{AE3E46D3-4294-4F3A-9695-8183FEFE14F3}.Debug|x86.Build.0 = Debug|Win32
		{AE3E46D3-4294-4F3A-9695-8183FEFE14F3}.Release|x64.ActiveCfg = Release|x64
		{AE3E46D3-4294-4F3A-9695-8183FEFE14F3}.Release|x64.Build.0 = Release|x64
		{AE3E46D3-4294-4F3A-9695-8183FEFE14F3}.Release|x86.ActiveCfg = Release|Win32
		{AE3E46D3-4294-4F3A-9695-8183FEFE14F3}.Release|x86.Build.0 = Release|Win32
		{C65DFE75-9B6C-41BA-90AD-01D67D51916F}.Debug|x64.ActiveCfg = Debug|x64
		{C65DFE75-9B6C-41BA-90AD-01D67D51916F}.Debug|x64.Build.0 = Debug|x64
		{C65DFE75-9B6C-41BA-90AD-01D67D51916F}.Debug|x86.ActiveCfg = Debug|Win32
		{C65DFE75-9B6C-41BA-90AD-01D67D51916F}.Debug|x86.Build.0 = Debug|Win32
		{C65DFE75-9B6C-41BA-90AD-01D67D51916F}.Release|x64.ActiveCfg = Release|x64
		{C65DFE75-9B6C-41BA-90AD-01D67D51916F}.Release|x64.Build.0 = Release|x64
		{C65DFE75-9B6C-41BA-90AD-01D67D51916F}.Release|x86.ActiveCfg = Release|Win32
		{C65DFE75-9B6C-41BA-90AD-01D67D51916F}.Release|x86.Build.0 = Release|Win32
		{48CEE0C9-66D7-4AD1-A3B4-A17B09CC0629}.Debug|x64.ActiveCfg = Debug|x64
		{48CEE0C9-66D7-4AD1-A3B4-A17B09CC0629}.Debug|x64.Build.0 = Debug|x64
		{48CEE0C9-66D7-4AD1-A3B4-A17B09CC0629}.Debug|x86.ActiveCfg = Debug|Win32
		{48CEE0C9-66D7-4AD1-A3B4-A17B09CC0629}.Debug|x86.Build.0 = Debug|Win32
		{48CEE0C9-66D7-4AD1-A3B4-A17B09CC0629}.Release|x64.ActiveCfg = Release|x64
		{48CEE0C9-66D7-4AD1-A3B4-A17B09CC0629}.Release|x64.Build.0 = Release|x64
		{48CEE0C9-66D7-4AD1-A3B4-A17B09CC0629}.Release|x86.ActiveCfg = Release|Win32
		{48CEE0C9-66D7-4AD1-A3B4-A17B09CC0629}.Release|x86.Build.0 = Release|Win32
		{1DBD3746-EB5E-4068-951F-6EF38A01C6A0}.Debug|x64.ActiveCfg = Debug|x64
		{1DBD3746-EB5E-4068-951F-6EF38A01C6A0}.Debug|x64.Build.0 = Debug|x64
		{1DBD3746-EB5E-4068-951F-6EF38A01C6A0}.Debug|x86.ActiveCfg = Debug|Win32
		{1DBD3746-EB5E-4068-951F-6EF38A01C6A0}.Debug|x86.Build.0 = Debug|Win32
		{1DBD3746-EB5E-4068-951F-6EF38A01C6A0}.Release|x64.ActiveCfg = Release|x64
		{1DBD3746-EB5E-4068-951F-6EF38A01C6A0}.Release|x64.Build.0 = Release|x64
		{1DBD3746-EB5E-4068-951F-6EF38A01C6A0}.Release|x86.ActiveCfg = Release|Win32
		{1DBD3746-EB5E-4068-951F-6EF38A01C6A0}.Release|x86.Build.0 = Release|Win32
		{6E7E452E-DAAD-4DCE-891A-447CC8AC29B8}.Debug|x64.ActiveCfg = Debug|x64
		{6E7E452E-DAAD-4DCE-891A-447CC8AC29B8}.Debug|x64.Build.0 = Debug|x64
		{6E7E452E-DAAD-4DCE-891A-447CC8AC29B8}.Debug|x86.ActiveCfg = Debug|Win32
		{6E7E452E-DAAD-4DCE-891A-447CC8AC29B8}.Debug|x86.Build.0 = Debug|Win32
		{6E7E452E-DAAD-4DCE-891A-447CC8AC29B8}.Release|x64.ActiveCfg = Release|x64
		{6E7E452E-DAAD-4DCE-891A-447CC8AC29B8}.Release|x64.Build.0 = Release|x64
		{6E7E452E-DAAD-4DCE-891A-447CC8AC29B8}.Release|x86.ActiveCfg = Release|Win32
		{6E7E452E-DAAD-4DCE-891A-447CC8AC29B8}.Release|x86.Build.0 = Release|Win32
		{D05782D6-0E0E-4818-962D-AEC1B0F6F3A6}.Debug|x64.ActiveCfg = Debug|x64
		{D05782D6-0E0E-4818-962D-AEC1B0F6F3A6}.Debug|x64.Build.0 = Debug|x64
		{D05782D6-0E0E-4818-962D-AEC1B0F6F3A6}.Debug|x86.ActiveCfg = Debug|Win32
		{D05782D6-0E0E-4818-962D-AEC1B0F6F3A6}.Debug|x86.Build.0 = Debug|Win32
		{D05782D6-0E0E-4818-962D-AEC1B0F6F3A6}.Release|x64.ActiveCfg = Release|x64
		{D05782D6-0E0E-4818-962D-AEC1B0F6F3A6}.Release|x64.Build.0 = Release|x64
		{D05782D6-0E0E-4818-962D-AEC1B0F6F3A6}.Release|x86.ActiveCfg = Release|Win32
		{D05782D6-0E0E-4818-962D-AEC1B0F6F3A6}.Release|x86.Build.0 = Release|Win32
		{059B12DC-A9A7-4709-9E5B-E90AC74C964B}.Debug|x64.ActiveCfg = Debug|x64
		{059B12DC-A9A7-4709-9E5B-E90AC74C964B}.Debug|x64.Build.0 = Debug|x64
		{059B12DC-A9A7-4709-9E5B-E90AC74C964B}.Debug|x86.ActiveCfg = Debug|Win32
		{059B12DC-A9A7-4709-9E5B-E90AC74C964B}.Debug|x86.Build.0 = Debug|Win32
		{059B12DC-A9A7-4709-9E5B-E90AC74C964B}.Release|x64.ActiveCfg = Release|x64
		{059B12DC-A9A7-4709-9E5B-E90AC74C964B}.Release|x64.Build.0 = Release|x64
		{059B12DC-A9A7-4709-9E5B-E90AC74C964B}.Release|x86.ActiveCfg = Release|Win32
		{059B12DC-A9A7-4709-9E5B-E90AC74C964B}.Release|x86.Build.0 = Release|Win32
		{4D0AA36C-5C8D-4059-9DA6-9843338BFB7A}.Debug|x64.ActiveCfg = Debug|x64
		{4D0AA36C-5C8D-4059-9DA6-9843338BFB7A}.Debug|x64.Build.0 = Debug|x64
		{4D0AA36C-5C8D-4059-9DA6-9843338BFB7A}.Debug|x86.ActiveCfg = Debug|Win32
		{4D0AA36C-5C8D-4059-9DA6-9843338BFB7A}.Debug|x86.Build.0 = Debug|Win32
		{4D0AA36C-5C8D-4059-9DA6-9843338BFB7A}.Release|x64.ActiveCfg = Release|x64
		{4D0AA36C-5C8D-4059-9DA6-9843338BFB7A}.Release|x64.Build.0 = Release|x64
		{4D0AA36C-5C8D-4059-9DA6-9843338BFB7A}.Release|x86.ActiveCfg = Release|Win32
		{4D0AA36C-5C8D-4059-9DA6-9843338BFB7A}.Release|x86.Build.0 = Release|Win32
		{32BDADA7-BAA5-444A-AD3E-0635B043BD88}.Debug|x64.ActiveCfg = Debug|x64
		{32BDADA7-BAA5-444A-AD3E-0635B043BD88}.Debug|x64.Build.0 = Debug|x64
		{32BDADA7-BAA5-444A-AD3E-0635B043BD88}.Debug|x86.ActiveCfg = Debug|Win32
		{32BDADA7-BAA5-444A-AD3E-0635B043BD88}.Debug|x86.Build.0 = Debug|Win32
		{32BDADA7-BAA5-444A-AD3E-0635B043BD88}.Release|x64.ActiveCfg = Release|x64
		{32BDADA7-BAA5-444A-AD3E-0635B043BD88}.Release|x64.Build.0 = Release|x64
		{32BDADA7-BAA5-444A-AD3E-0635B043BD88}.Release|x86.ActiveCfg = Release|Win32
		{32BDADA7-BAA5-444A-AD3E-0635B043BD88}.Release|x86.Build.0 = Release|Win32
		{E9A75A79-8E02-4920-BEDC-0AC08C2297B6}.Debug|x64.ActiveCfg = Debug|x64
		{E9A75A79-8E02-4920-BEDC-0AC08C2297B6}.Debug|x64.Build.0 = Debug|x64
		{E9A75A79-8E02-4920-BEDC-0AC08C2297B6}.Debug|x86.ActiveCfg = Debug|Win32
		{E9A75A79-8E02-4920-BEDC-0AC08C2297B6}.Debug|x86.Build.0 = Debug|Win32
		{E9A75A79-8E02-4920-BEDC-0AC08C2297B6}.Release|x64.ActiveCfg = Release|x64
		{E9A75A79-8E02-4920-BEDC-0AC08C2297B6}.Release|x64.Build.0 = Release|x64
		{E9A75A79-8E02-4920-BEDC-0AC08C2297B6}.Release|x86.ActiveCfg = Release|Win32
		{E9A75A79-8E02-4920-BEDC-0AC08C2297B6}.Release|x86.Build.0 = Release|Win32
		{12E95E62-1790-433C-B4B1-01236E971C5D}.Debug|x64.ActiveCfg = Debug|x64
		{12E95E62-1790-433C-B4B1-01236E971C5D}.Debug|x64.Build.0 = Debug|x64
		{12E95E62-1790-433C-B4B1-01236E971C5D}.Debug|x86.ActiveCfg = Debug|Win32
		{12E95E62-1790-433C-B4B1-01236E971C5D}.Debug|x86.Build.0 = Debug|Win32
		{12E95E62-1790-433C-B4B1-01236E971C5D}.Release|x64.ActiveCfg = Release|x64
		{12E95E62-1790-433C-B4B1-01236E971C5D}.Release|x64.Build.0 = Release|x64
		{12E95E62-1790-433C-B4B1-01236E971C5D}.Release|x86.ActiveCfg = Release|Win32
		{12E95E62-1790-433C-B4B1-01236E971C5D}.Release|x86.Build.0 = Release|Win32
		{7E3F862B-553D-49CC-BD0B-90BFEF72D1EB}.Debug|x64.ActiveCfg = Debug|x64
		{7E3F862B-553D-49CC-BD0B-90BFEF72D1EB}.Debug|x64.Build.0 = Debug|x64
		{7E3F862B-553D-49CC-BD0B-90BFEF72D1EB}.Debug|x86.ActiveCfg = Debug|Win32
		{7E3F862B-553D-49CC-BD0B-90BFEF72D1EB}.Debug|x86.Build.0 = Debug|Win32
		{7E3F862B-553D-49CC-BD0B-90BFEF72D1EB}.Release|x64.ActiveCfg = Release|x64
		{7E3F862B-553D-49CC-BD0B-90BFEF72D1EB}.Release|x64.Build.0 = Release|x64
		{7E3F862B-553D-49CC-BD0B-90BFEF72D1EB}.Release|x86.ActiveCfg = Release|Win32
		{7E3F862B-553D-49CC-BD0B-90BFEF72D1EB}.Release|x86.Build.0 = Release|Win32
		{24D34D67-981B-4C7D-9239-5E15E0F1909C}.Debug|x64.ActiveCfg = Debug|x64
		{24D34D67-981B-4C7D-9239-5E15E0F1909C}.Debug|x64.Build.0 = Debug|x64
		{24D34D67-981B-4C7D-9239-5E15E0F1909C}.Debug|x86.ActiveCfg = Debug|Win32
		{24D34D67-981B-4C7D-9239-5E15E0F1909C}.Debug|x86.Build.0 = Debug|Win32
		{24D34D67-981B-4C7D-9239-5E15E0F1909C}.Release|x64.ActiveCfg = Release|x64
		{24D34D67-981B-4C7D-9239-5E15E0F1909C}.Release|x64.Build.0 = Release|x64
		{24D34D67-981B-4C7D-9239-5E15E0F1909C}.Release|x86.ActiveCfg = Release|Win32
		{24D34D67-981B-4C7D-9239-5E15E0F1909C}.Release|x86.Build.0 = Release|Win32
		{6B1FDF9B-504E-409C-B170-8407F42F29E3}.Debug|x64.ActiveCfg = Debug|x64
		{6B1FDF9B-504E-409C-B170-8407F42F29E3}.Debug|x64.Build.0 = Debug|x64
		{6B1FDF9B-504E-409C-B170-8407F42F29E3}.Debug|x86.ActiveCfg = Debug|Win32
		{6B1FDF9B-504E-409C-B170-8407F42F29E3}.Debug|x86.Build.0 = Debug|Win32
		{6B1FDF9B-504E-409C-B170-8407F42F29E3}.Release|x64.ActiveCfg = Release|x64
		{6B1FDF9B-504E-409C-B170-8407F42F29E3}.Release|x64.Build.0 = Release|x64
		{6B1FDF9B-504E-409C-B170-8407F42F29E3}.Release|x86.ActiveCfg = Release|Win32
		{6B1FDF9B-504E-409C-B170-8407F42F29E3}.Release|x86.Build.0 = Release|Win32
	EndGlobalSection
	GlobalSection(SolutionProperties) = preSolution
		HideSolutionNode = FALSE
	EndGlobalSection
	GlobalSection(NestedProjects) = preSolution
		{EAB19A63-BD77-4E7D-9DB8-426327240577} = {9FFDC310-F156-4532-8748-361678ABA21B}
		{EEC54D2A-E313-47BE-A680-EE9B2C35975D} = {9FFDC310-F156-4532-8748-361678ABA21B}
		{10161164-FE2B-44FE-B3EE-1F2FF6694FF2} = {9FFDC310-F156-4532-8748-361678ABA21B}
		{3D232643-1BA0-45F4-A222-B38085B153EE} = {9FFDC310-F156-4532-8748-361678ABA21B}
		{3ED0EA81-094A-4B83-840C-463D4BBBA9BC} = {9FFDC310-F156-4532-8748-361678ABA21B}
		{05763826-60FC-4BD7-91CE-8F0A8CB74286} = {F490AA0A-3DED-4CF3-BCBF-25D4DE9AB995}
		{220432EF-51ED-4540-85A7-AA0F0BAEBD32} = {F490AA0A-3DED-4CF3-BCBF-25D4DE9AB995}
		{925FE18A-CB38-451D-B164-FEAF18983C2E} = {F490AA0A-3DED-4CF3-BCBF-25D4DE9AB995}
		{CEBE7827-7F4A-4D76-AFF7-486A14B7F1C8} = {F490AA0A-3DED-4CF3-BCBF-25D4DE9AB995}
		{2BDC58D1-564E-4D5A-98C4-A0DC711FDC8D} = {F490AA0A-3DED-4CF3-BCBF-25D4DE9AB995}
		{22AD4984-3772-4DC4-BDED-D51353415C2C} = {2FD053D8-F62C-452D-87E9-B825A4FFED33}
		{46B0558D-E573-4375-9637-DB4AECE6A9CD} = {DE6D99DD-11A6-4F55-93C9-0283E1661BFE}
		{E0B8FC0D-3F7A-41FE-9C82-BDEE6AC45519} = {DE6D99DD-11A6-4F55-93C9-0283E1661BFE}
		{E890AF14-03A2-4329-AC08-E6E4A5BAF671} = {DE6D99DD-11A6-4F55-93C9-0283E1661BFE}
		{4A0C6B00-EBF7-45FF-A2B6-CC06A957F3B1} = {1F33DC14-5376-4284-BED6-60865E828930}
		{403EB3FD-3DAF-408D-8619-DD9806ED87FC} = {DE6D99DD-11A6-4F55-93C9-0283E1661BFE}
		{AE3E46D3-4294-4F3A-9695-8183FEFE14F3} = {DE6D99DD-11A6-4F55-93C9-0283E1661BFE}
		{C65DFE75-9B6C-41BA-90AD-01D67D51916F} = {2FD053D8-F62C-452D-87E9-B825A4FFED33}
		{48CEE0C9-66D7-4AD1-A3B4-A17B09CC0629} = {2FD053D8-F62C-452D-87E9-B825A4FFED33}
		{1DBD3746-EB5E-4068-951F-6EF38A01C6A0} = {2FD053D8-F62C-452D-87E9-B825A4FFED33}
		{6E7E452E-DAAD-4DCE-891A-447CC8AC29B8} = {2FD053D8-F62C-452D-87E9-B825A4FFED33}
		{D05782D6-0E0E-4818-962D-AEC1B0F6F3A6} = {2FD053D8-F62C-452D-87E9-B825A4FFED33}
		{059B12DC-A9A7-4709-9E5B-E90AC74C964B} = {2FD053D8-F62C-452D-87E9-B825A4FFED33}
		{4D0AA36C-5C8D-4059-9DA6-9843338BFB7A} = {2FD053D8-F62C-452D-87E9-B825A4FFED33}
		{32BDADA7-BAA5-444A-AD3E-0635B043BD88} = {2FD053D8-F62C-452D-87E9-B825A4FFED33}
		{E9A75A79-8E02-4920-BEDC-0AC08C2297B6} = {0BE99E00-B6AC-442C-9F2C-A482382E04BD}
		{12E95E62-1790-433C-B4B1-01236E971C5D} = {0BE99E00-B6AC-442C-9F2C-A482382E04BD}
		{7E3F862B-553D-49CC-BD0B-90BFEF72D1EB} = {0BE99E00-B6AC-442C-9F2C-A482382E04BD}
		{24D34D67-981B-4C7D-9239-5E15E0F1909C} = {0BE99E00-B6AC-442C-9F2C-A482382E04BD}
		{6B1FDF9B-504E-409C-B170-8407F42F29E3} = {0BE99E00-B6AC-442C-9F2C-A482382E04BD}
	EndGlobalSection
	GlobalSection(ExtensibilityGlobals) = postSolution
		SolutionGuid = {F828F006-AE20-4910-8B58-B21443FC8C2A}
	EndGlobalSection
EndGlobal
